
Microsoft Visual Studio Solution File, Format Version 12.00
# Visual Studio 15
VisualStudioVersion = 15.0.27130.2003
MinimumVisualStudioVersion = 10.0.40219.1
Project("{2150E333-8FDC-42A3-9474-1A3956D46DE8}") = "HLSDK", "HLSDK", "{0E88EFF4-5227-4971-A3C8-4C718ADC6FC6}"
EndProject
Project("{2150E333-8FDC-42A3-9474-1A3956D46DE8}") = "MetaHook", "MetaHook", "{D9DDBE36-D1D8-483E-9B77-0AE38549F4DC}"
EndProject
Project("{2150E333-8FDC-42A3-9474-1A3956D46DE8}") = "Plugins", "Plugins", "{F916D47B-A673-43DD-81BD-CEC662105EF0}"
EndProject
Project("{2150E333-8FDC-42A3-9474-1A3956D46DE8}") = "Lib", "Lib", "{4B509AE3-00EA-4E77-A903-D9ED3D95117C}"
EndProject
Project("{8BC9CEB8-8B4A-11D0-8D11-00A0C91BC942}") = "client", "HLSDK\cl_dll\client.vcxproj", "{70852A95-CA7C-408C-AA52-033A655135D6}"
EndProject
Project("{8BC9CEB8-8B4A-11D0-8D11-00A0C91BC942}") = "server", "HLSDK\dlls\server.vcxproj", "{0FBC41B8-9D3B-4224-86A2-8B33AFC80DE9}"
EndProject
Project("{8BC9CEB8-8B4A-11D0-8D11-00A0C91BC942}") = "filesystem", "HLSDK\filesystem\filesystem.vcxproj", "{0388D8DE-1642-4361-8497-370738BB1E5C}"
EndProject
Project("{8BC9CEB8-8B4A-11D0-8D11-00A0C91BC942}") = "gameui", "HLSDK\gameui\gameui.vcxproj", "{4E1C0C18-CDB3-4127-89DA-39C477E92FFE}"
EndProject
Project("{8BC9CEB8-8B4A-11D0-8D11-00A0C91BC942}") = "tier1", "HLSDK\tier1\tier1.vcxproj", "{5FFF4C62-87DE-4D79-B7F0-995DC25FEB1C}"
EndProject
Project("{8BC9CEB8-8B4A-11D0-8D11-00A0C91BC942}") = "vgui_controls", "HLSDK\vgui_controls\vgui_controls.vcxproj", "{D2F9C58F-FA8A-42A6-BB1A-9E290F3F3FC6}"
EndProject
Project("{8BC9CEB8-8B4A-11D0-8D11-00A0C91BC942}") = "vgui_dll", "HLSDK\vgui_dll\vgui_dll.vcxproj", "{9697DC40-12DB-49B7-9AF0-01E325D262C7}"
EndProject
Project("{8BC9CEB8-8B4A-11D0-8D11-00A0C91BC942}") = "MetaHook", "MetaHook\MetaHook.vcxproj", "{0931F284-681C-41F1-AF30-97D1DCE2283C}"
EndProject
Project("{8BC9CEB8-8B4A-11D0-8D11-00A0C91BC942}") = "Audio", "MetaHook\Plugins\Audio\Audio.vcxproj", "{076D2FBC-CAB6-4E26-931A-E5E8E9A4EBA7}"
EndProject
Project("{8BC9CEB8-8B4A-11D0-8D11-00A0C91BC942}") = "MT", "MetaHook\Plugins\FuckWorld\MT.vcxproj", "{FBF9CAF6-8DED-4EB0-8E7B-18294607C5C5}"
EndProject
Project("{8BC9CEB8-8B4A-11D0-8D11-00A0C91BC942}") = "Launcher", "Launcher\Launcher.vcxproj", "{BDF779A5-7427-48A2-A060-83B40B1728D1}"
EndProject
Project("{8BC9CEB8-8B4A-11D0-8D11-00A0C91BC942}") = "newkeyvalues", "Lib\newkeyvalues\newkeyvalues.vcxproj", "{84AE7D9F-B3BD-4EF8-9170-E32B92FB1547}"
EndProject
Project("{8BC9CEB8-8B4A-11D0-8D11-00A0C91BC942}") = "tier3", "HLSDK\tier3\tier3.vcxproj", "{50CE2D41-7527-4AD5-A564-F507E9B70ACA}"
EndProject
Project("{8BC9CEB8-8B4A-11D0-8D11-00A0C91BC942}") = "zlibvc", "Lib\zlib-1.2.11\contrib\vstudio\vc8\zlibvc.vcxproj", "{297E8B07-9A08-40BD-BF4E-BA513C9C1EF2}"
EndProject
Project("{8BC9CEB8-8B4A-11D0-8D11-00A0C91BC942}") = "libpng", "Lib\lpng1630\projects\visualc8\libpng.vcxproj", "{85DD50CD-1964-4116-AA41-458D7C6DB7EA}"
EndProject
Project("{8BC9CEB8-8B4A-11D0-8D11-00A0C91BC942}") = "freetype", "Lib\freetype-2.8\builds\windows\vc2005\freetype.vcxproj", "{78B079BD-9FC7-4B9E-B4A6-96DA0F00248B}"
EndProject
Project("{8BC9CEB8-8B4A-11D0-8D11-00A0C91BC942}") = "Sound", "MetaHook\Plugins\Sound\Sound.vcxproj", "{8AB4199B-EAAF-4737-9BFF-84B49148A12D}"
EndProject
Project("{8BC9CEB8-8B4A-11D0-8D11-00A0C91BC942}") = "metastudio", "HLSDK\metastudio\metastudio.vcxproj", "{96CED3EF-A877-40D4-8E41-A0BB5E6419CE}"
EndProject
Project("{2150E333-8FDC-42A3-9474-1A3956D46DE8}") = "Tools", "Tools", "{D3680485-F6D5-42E0-A37F-AE1A2AF07585}"
EndProject
Project("{8BC9CEB8-8B4A-11D0-8D11-00A0C91BC942}") = "MetaStudio_Viewer", "Tools\MetaStudio_Viewer\MetaStudio_Viewer.vcxproj", "{3E61B316-2371-453E-962B-22BD8CEC917D}"
EndProject
Global
	GlobalSection(SolutionConfigurationPlatforms) = preSolution
		Debug|Win32 = Debug|Win32
		Debug|x64 = Debug|x64
		Release|Win32 = Release|Win32
		Release|x64 = Release|x64
	EndGlobalSection
	GlobalSection(ProjectConfigurationPlatforms) = postSolution
		{70852A95-CA7C-408C-AA52-033A655135D6}.Debug|Win32.ActiveCfg = Debug|Win32
		{70852A95-CA7C-408C-AA52-033A655135D6}.Debug|Win32.Build.0 = Debug|Win32
		{70852A95-CA7C-408C-AA52-033A655135D6}.Debug|x64.ActiveCfg = Debug|Win32
		{70852A95-CA7C-408C-AA52-033A655135D6}.Release|Win32.ActiveCfg = Release|Win32
		{70852A95-CA7C-408C-AA52-033A655135D6}.Release|Win32.Build.0 = Release|Win32
		{70852A95-CA7C-408C-AA52-033A655135D6}.Release|x64.ActiveCfg = Release|Win32
		{0FBC41B8-9D3B-4224-86A2-8B33AFC80DE9}.Debug|Win32.ActiveCfg = Debug|Win32
		{0FBC41B8-9D3B-4224-86A2-8B33AFC80DE9}.Debug|Win32.Build.0 = Debug|Win32
		{0FBC41B8-9D3B-4224-86A2-8B33AFC80DE9}.Debug|x64.ActiveCfg = Debug|Win32
		{0FBC41B8-9D3B-4224-86A2-8B33AFC80DE9}.Release|Win32.ActiveCfg = Release|Win32
		{0FBC41B8-9D3B-4224-86A2-8B33AFC80DE9}.Release|Win32.Build.0 = Release|Win32
		{0FBC41B8-9D3B-4224-86A2-8B33AFC80DE9}.Release|x64.ActiveCfg = Release|Win32
		{0388D8DE-1642-4361-8497-370738BB1E5C}.Debug|Win32.ActiveCfg = Debug|Win32
		{0388D8DE-1642-4361-8497-370738BB1E5C}.Debug|Win32.Build.0 = Debug|Win32
		{0388D8DE-1642-4361-8497-370738BB1E5C}.Debug|x64.ActiveCfg = Debug|Win32
		{0388D8DE-1642-4361-8497-370738BB1E5C}.Release|Win32.ActiveCfg = Release|Win32
		{0388D8DE-1642-4361-8497-370738BB1E5C}.Release|Win32.Build.0 = Release|Win32
		{0388D8DE-1642-4361-8497-370738BB1E5C}.Release|x64.ActiveCfg = Release|Win32
		{4E1C0C18-CDB3-4127-89DA-39C477E92FFE}.Debug|Win32.ActiveCfg = Debug|Win32
		{4E1C0C18-CDB3-4127-89DA-39C477E92FFE}.Debug|Win32.Build.0 = Debug|Win32
		{4E1C0C18-CDB3-4127-89DA-39C477E92FFE}.Debug|x64.ActiveCfg = Debug|Win32
		{4E1C0C18-CDB3-4127-89DA-39C477E92FFE}.Release|Win32.ActiveCfg = Release|Win32
		{4E1C0C18-CDB3-4127-89DA-39C477E92FFE}.Release|Win32.Build.0 = Release|Win32
		{4E1C0C18-CDB3-4127-89DA-39C477E92FFE}.Release|x64.ActiveCfg = Release|Win32
		{5FFF4C62-87DE-4D79-B7F0-995DC25FEB1C}.Debug|Win32.ActiveCfg = Debug|Win32
		{5FFF4C62-87DE-4D79-B7F0-995DC25FEB1C}.Debug|Win32.Build.0 = Debug|Win32
		{5FFF4C62-87DE-4D79-B7F0-995DC25FEB1C}.Debug|x64.ActiveCfg = Debug|Win32
		{5FFF4C62-87DE-4D79-B7F0-995DC25FEB1C}.Release|Win32.ActiveCfg = Release|Win32
		{5FFF4C62-87DE-4D79-B7F0-995DC25FEB1C}.Release|Win32.Build.0 = Release|Win32
		{5FFF4C62-87DE-4D79-B7F0-995DC25FEB1C}.Release|x64.ActiveCfg = Release|Win32
		{D2F9C58F-FA8A-42A6-BB1A-9E290F3F3FC6}.Debug|Win32.ActiveCfg = Debug|Win32
		{D2F9C58F-FA8A-42A6-BB1A-9E290F3F3FC6}.Debug|Win32.Build.0 = Debug|Win32
		{D2F9C58F-FA8A-42A6-BB1A-9E290F3F3FC6}.Debug|x64.ActiveCfg = Debug|Win32
		{D2F9C58F-FA8A-42A6-BB1A-9E290F3F3FC6}.Release|Win32.ActiveCfg = Release|Win32
		{D2F9C58F-FA8A-42A6-BB1A-9E290F3F3FC6}.Release|Win32.Build.0 = Release|Win32
		{D2F9C58F-FA8A-42A6-BB1A-9E290F3F3FC6}.Release|x64.ActiveCfg = Release|Win32
		{9697DC40-12DB-49B7-9AF0-01E325D262C7}.Debug|Win32.ActiveCfg = Debug|Win32
		{9697DC40-12DB-49B7-9AF0-01E325D262C7}.Debug|Win32.Build.0 = Debug|Win32
		{9697DC40-12DB-49B7-9AF0-01E325D262C7}.Debug|x64.ActiveCfg = Debug|Win32
		{9697DC40-12DB-49B7-9AF0-01E325D262C7}.Release|Win32.ActiveCfg = Release|Win32
		{9697DC40-12DB-49B7-9AF0-01E325D262C7}.Release|Win32.Build.0 = Release|Win32
		{9697DC40-12DB-49B7-9AF0-01E325D262C7}.Release|x64.ActiveCfg = Release|Win32
		{0931F284-681C-41F1-AF30-97D1DCE2283C}.Debug|Win32.ActiveCfg = Debug|Win32
		{0931F284-681C-41F1-AF30-97D1DCE2283C}.Debug|Win32.Build.0 = Debug|Win32
		{0931F284-681C-41F1-AF30-97D1DCE2283C}.Debug|x64.ActiveCfg = Debug|Win32
		{0931F284-681C-41F1-AF30-97D1DCE2283C}.Release|Win32.ActiveCfg = Release|Win32
		{0931F284-681C-41F1-AF30-97D1DCE2283C}.Release|Win32.Build.0 = Release|Win32
		{0931F284-681C-41F1-AF30-97D1DCE2283C}.Release|x64.ActiveCfg = Release|Win32
		{076D2FBC-CAB6-4E26-931A-E5E8E9A4EBA7}.Debug|Win32.ActiveCfg = Debug|Win32
		{076D2FBC-CAB6-4E26-931A-E5E8E9A4EBA7}.Debug|Win32.Build.0 = Debug|Win32
		{076D2FBC-CAB6-4E26-931A-E5E8E9A4EBA7}.Debug|x64.ActiveCfg = Debug|Win32
		{076D2FBC-CAB6-4E26-931A-E5E8E9A4EBA7}.Release|Win32.ActiveCfg = Release|Win32
		{076D2FBC-CAB6-4E26-931A-E5E8E9A4EBA7}.Release|Win32.Build.0 = Release|Win32
		{076D2FBC-CAB6-4E26-931A-E5E8E9A4EBA7}.Release|x64.ActiveCfg = Release|Win32
		{FBF9CAF6-8DED-4EB0-8E7B-18294607C5C5}.Debug|Win32.ActiveCfg = Debug|Win32
		{FBF9CAF6-8DED-4EB0-8E7B-18294607C5C5}.Debug|Win32.Build.0 = Debug|Win32
		{FBF9CAF6-8DED-4EB0-8E7B-18294607C5C5}.Debug|x64.ActiveCfg = Debug|Win32
		{FBF9CAF6-8DED-4EB0-8E7B-18294607C5C5}.Release|Win32.ActiveCfg = Release|Win32
		{FBF9CAF6-8DED-4EB0-8E7B-18294607C5C5}.Release|Win32.Build.0 = Release|Win32
		{FBF9CAF6-8DED-4EB0-8E7B-18294607C5C5}.Release|x64.ActiveCfg = Release|Win32
		{BDF779A5-7427-48A2-A060-83B40B1728D1}.Debug|Win32.ActiveCfg = Debug|Win32
		{BDF779A5-7427-48A2-A060-83B40B1728D1}.Debug|Win32.Build.0 = Debug|Win32
		{BDF779A5-7427-48A2-A060-83B40B1728D1}.Debug|x64.ActiveCfg = Debug|Win32
		{BDF779A5-7427-48A2-A060-83B40B1728D1}.Release|Win32.ActiveCfg = Release|Win32
		{BDF779A5-7427-48A2-A060-83B40B1728D1}.Release|Win32.Build.0 = Release|Win32
		{BDF779A5-7427-48A2-A060-83B40B1728D1}.Release|x64.ActiveCfg = Release|Win32
		{84AE7D9F-B3BD-4EF8-9170-E32B92FB1547}.Debug|Win32.ActiveCfg = Debug|Win32
		{84AE7D9F-B3BD-4EF8-9170-E32B92FB1547}.Debug|Win32.Build.0 = Debug|Win32
		{84AE7D9F-B3BD-4EF8-9170-E32B92FB1547}.Debug|x64.ActiveCfg = Debug|Win32
		{84AE7D9F-B3BD-4EF8-9170-E32B92FB1547}.Release|Win32.ActiveCfg = Release|Win32
		{84AE7D9F-B3BD-4EF8-9170-E32B92FB1547}.Release|Win32.Build.0 = Release|Win32
		{84AE7D9F-B3BD-4EF8-9170-E32B92FB1547}.Release|x64.ActiveCfg = Release|Win32
		{50CE2D41-7527-4AD5-A564-F507E9B70ACA}.Debug|Win32.ActiveCfg = Debug|Win32
		{50CE2D41-7527-4AD5-A564-F507E9B70ACA}.Debug|Win32.Build.0 = Debug|Win32
		{50CE2D41-7527-4AD5-A564-F507E9B70ACA}.Debug|x64.ActiveCfg = Debug|Win32
		{50CE2D41-7527-4AD5-A564-F507E9B70ACA}.Release|Win32.ActiveCfg = Release|Win32
		{50CE2D41-7527-4AD5-A564-F507E9B70ACA}.Release|Win32.Build.0 = Release|Win32
		{50CE2D41-7527-4AD5-A564-F507E9B70ACA}.Release|x64.ActiveCfg = Release|Win32
		{297E8B07-9A08-40BD-BF4E-BA513C9C1EF2}.Debug|Win32.ActiveCfg = Debug|Win32
		{297E8B07-9A08-40BD-BF4E-BA513C9C1EF2}.Debug|Win32.Build.0 = Debug|Win32
		{297E8B07-9A08-40BD-BF4E-BA513C9C1EF2}.Debug|x64.ActiveCfg = Debug|Win32
		{297E8B07-9A08-40BD-BF4E-BA513C9C1EF2}.Release|Win32.ActiveCfg = Release|Win32
		{297E8B07-9A08-40BD-BF4E-BA513C9C1EF2}.Release|Win32.Build.0 = Release|Win32
		{297E8B07-9A08-40BD-BF4E-BA513C9C1EF2}.Release|x64.ActiveCfg = Release|Win32
		{85DD50CD-1964-4116-AA41-458D7C6DB7EA}.Debug|Win32.ActiveCfg = Debug|Win32
		{85DD50CD-1964-4116-AA41-458D7C6DB7EA}.Debug|Win32.Build.0 = Debug|Win32
		{85DD50CD-1964-4116-AA41-458D7C6DB7EA}.Debug|x64.ActiveCfg = Debug|Win32
		{85DD50CD-1964-4116-AA41-458D7C6DB7EA}.Release|Win32.ActiveCfg = Release|Win32
		{85DD50CD-1964-4116-AA41-458D7C6DB7EA}.Release|Win32.Build.0 = Release|Win32
		{85DD50CD-1964-4116-AA41-458D7C6DB7EA}.Release|x64.ActiveCfg = Release|Win32
		{78B079BD-9FC7-4B9E-B4A6-96DA0F00248B}.Debug|Win32.ActiveCfg = Debug|Win32
		{78B079BD-9FC7-4B9E-B4A6-96DA0F00248B}.Debug|Win32.Build.0 = Debug|Win32
		{78B079BD-9FC7-4B9E-B4A6-96DA0F00248B}.Debug|x64.ActiveCfg = Debug|Win32
		{78B079BD-9FC7-4B9E-B4A6-96DA0F00248B}.Release|Win32.ActiveCfg = Release|Win32
		{78B079BD-9FC7-4B9E-B4A6-96DA0F00248B}.Release|Win32.Build.0 = Release|Win32
		{78B079BD-9FC7-4B9E-B4A6-96DA0F00248B}.Release|x64.ActiveCfg = Release|Win32
		{8AB4199B-EAAF-4737-9BFF-84B49148A12D}.Debug|Win32.ActiveCfg = Debug|Win32
		{8AB4199B-EAAF-4737-9BFF-84B49148A12D}.Debug|Win32.Build.0 = Debug|Win32
		{8AB4199B-EAAF-4737-9BFF-84B49148A12D}.Debug|x64.ActiveCfg = Debug|Win32
		{8AB4199B-EAAF-4737-9BFF-84B49148A12D}.Release|Win32.ActiveCfg = Release|Win32
		{8AB4199B-EAAF-4737-9BFF-84B49148A12D}.Release|Win32.Build.0 = Release|Win32
		{8AB4199B-EAAF-4737-9BFF-84B49148A12D}.Release|x64.ActiveCfg = Release|Win32
		{96CED3EF-A877-40D4-8E41-A0BB5E6419CE}.Debug|Win32.ActiveCfg = Debug|Win32
		{96CED3EF-A877-40D4-8E41-A0BB5E6419CE}.Debug|Win32.Build.0 = Debug|Win32
		{96CED3EF-A877-40D4-8E41-A0BB5E6419CE}.Debug|x64.ActiveCfg = Debug|Win32
		{96CED3EF-A877-40D4-8E41-A0BB5E6419CE}.Release|Win32.ActiveCfg = Release|Win32
		{96CED3EF-A877-40D4-8E41-A0BB5E6419CE}.Release|Win32.Build.0 = Release|Win32
		{96CED3EF-A877-40D4-8E41-A0BB5E6419CE}.Release|x64.ActiveCfg = Release|Win32
		{3E61B316-2371-453E-962B-22BD8CEC917D}.Debug|Win32.ActiveCfg = Debug|Win32
		{3E61B316-2371-453E-962B-22BD8CEC917D}.Debug|Win32.Build.0 = Debug|Win32
		{3E61B316-2371-453E-962B-22BD8CEC917D}.Debug|x64.ActiveCfg = Debug|x64
		{3E61B316-2371-453E-962B-22BD8CEC917D}.Debug|x64.Build.0 = Debug|x64
		{3E61B316-2371-453E-962B-22BD8CEC917D}.Release|Win32.ActiveCfg = Release|Win32
		{3E61B316-2371-453E-962B-22BD8CEC917D}.Release|Win32.Build.0 = Release|Win32
		{3E61B316-2371-453E-962B-22BD8CEC917D}.Release|x64.ActiveCfg = Release|x64
		{3E61B316-2371-453E-962B-22BD8CEC917D}.Release|x64.Build.0 = Release|x64
	EndGlobalSection
	GlobalSection(SolutionProperties) = preSolution
		HideSolutionNode = FALSE
	EndGlobalSection
	GlobalSection(NestedProjects) = preSolution
		{F916D47B-A673-43DD-81BD-CEC662105EF0} = {D9DDBE36-D1D8-483E-9B77-0AE38549F4DC}
		{70852A95-CA7C-408C-AA52-033A655135D6} = {0E88EFF4-5227-4971-A3C8-4C718ADC6FC6}
		{0FBC41B8-9D3B-4224-86A2-8B33AFC80DE9} = {0E88EFF4-5227-4971-A3C8-4C718ADC6FC6}
		{0388D8DE-1642-4361-8497-370738BB1E5C} = {0E88EFF4-5227-4971-A3C8-4C718ADC6FC6}
		{4E1C0C18-CDB3-4127-89DA-39C477E92FFE} = {0E88EFF4-5227-4971-A3C8-4C718ADC6FC6}
		{5FFF4C62-87DE-4D79-B7F0-995DC25FEB1C} = {0E88EFF4-5227-4971-A3C8-4C718ADC6FC6}
		{D2F9C58F-FA8A-42A6-BB1A-9E290F3F3FC6} = {0E88EFF4-5227-4971-A3C8-4C718ADC6FC6}
		{9697DC40-12DB-49B7-9AF0-01E325D262C7} = {0E88EFF4-5227-4971-A3C8-4C718ADC6FC6}
		{0931F284-681C-41F1-AF30-97D1DCE2283C} = {D9DDBE36-D1D8-483E-9B77-0AE38549F4DC}
		{076D2FBC-CAB6-4E26-931A-E5E8E9A4EBA7} = {F916D47B-A673-43DD-81BD-CEC662105EF0}
		{FBF9CAF6-8DED-4EB0-8E7B-18294607C5C5} = {F916D47B-A673-43DD-81BD-CEC662105EF0}
		{84AE7D9F-B3BD-4EF8-9170-E32B92FB1547} = {4B509AE3-00EA-4E77-A903-D9ED3D95117C}
		{50CE2D41-7527-4AD5-A564-F507E9B70ACA} = {0E88EFF4-5227-4971-A3C8-4C718ADC6FC6}
		{297E8B07-9A08-40BD-BF4E-BA513C9C1EF2} = {4B509AE3-00EA-4E77-A903-D9ED3D95117C}
		{85DD50CD-1964-4116-AA41-458D7C6DB7EA} = {4B509AE3-00EA-4E77-A903-D9ED3D95117C}
		{78B079BD-9FC7-4B9E-B4A6-96DA0F00248B} = {4B509AE3-00EA-4E77-A903-D9ED3D95117C}
		{8AB4199B-EAAF-4737-9BFF-84B49148A12D} = {F916D47B-A673-43DD-81BD-CEC662105EF0}
		{96CED3EF-A877-40D4-8E41-A0BB5E6419CE} = {0E88EFF4-5227-4971-A3C8-4C718ADC6FC6}
		{3E61B316-2371-453E-962B-22BD8CEC917D} = {D3680485-F6D5-42E0-A37F-AE1A2AF07585}
	EndGlobalSection
	GlobalSection(ExtensibilityGlobals) = postSolution
		SolutionGuid = {883D4891-30F9-423B-A87E-F79AAB3257DE}
	EndGlobalSection
EndGlobal
